
Microsoft Visual Studio Solution File, Format Version 12.00
Project("{FAE04EC0-301F-11D3-BF4B-00C04F79EFBC}") = "AdoptAPet", "AdoptAPet.csproj", "{2DE4CF1F-BBBC-4927-A8C9-9B9F1B878176}"
EndProject
Global
	GlobalSection(SolutionConfigurationPlatforms) = preSolution
		Debug|Any CPU = Debug|Any CPU
		Release|Any CPU = Release|Any CPU
	EndGlobalSection
	GlobalSection(ProjectConfigurationPlatforms) = postSolution
		{2DE4CF1F-BBBC-4927-A8C9-9B9F1B878176}.Debug|Any CPU.ActiveCfg = Debug|Any CPU
		{2DE4CF1F-BBBC-4927-A8C9-9B9F1B878176}.Debug|Any CPU.Build.0 = Debug|Any CPU
		{2DE4CF1F-BBBC-4927-A8C9-9B9F1B878176}.Release|Any CPU.ActiveCfg = Release|Any CPU
		{2DE4CF1F-BBBC-4927-A8C9-9B9F1B878176}.Release|Any CPU.Build.0 = Release|Any CPU
	EndGlobalSection
EndGlobal
